
Microsoft Visual Studio Solution File, Format Version 12.00
# Visual Studio Version 17
VisualStudioVersion = 17.2.32516.85
MinimumVisualStudioVersion = 10.0.40219.1
Project("{FAE04EC0-301F-11D3-BF4B-00C04F79EFBC}") = "EmployeePayrollSystemThreading", "EmployeePayrollSystemThreading\EmployeePayrollSystemThreading.csproj", "{26C74BB8-AC84-4522-A2AE-078D9274CCD0}"
EndProject
Project("{FAE04EC0-301F-11D3-BF4B-00C04F79EFBC}") = "Employee_Payroll_system_MSTest", "Employee_Payroll_system_MSTest\Employee_Payroll_system_MSTest.csproj", "{C36565F6-338A-4417-A8DA-7F50288DF92E}"
EndProject
Global
	GlobalSection(SolutionConfigurationPlatforms) = preSolution
		Debug|Any CPU = Debug|Any CPU
		Release|Any CPU = Release|Any CPU
	EndGlobalSection
	GlobalSection(ProjectConfigurationPlatforms) = postSolution
		{26C74BB8-AC84-4522-A2AE-078D9274CCD0}.Debug|Any CPU.ActiveCfg = Debug|Any CPU
		{26C74BB8-AC84-4522-A2AE-078D9274CCD0}.Debug|Any CPU.Build.0 = Debug|Any CPU
		{26C74BB8-AC84-4522-A2AE-078D9274CCD0}.Release|Any CPU.ActiveCfg = Release|Any CPU
		{26C74BB8-AC84-4522-A2AE-078D9274CCD0}.Release|Any CPU.Build.0 = Release|Any CPU
		{C36565F6-338A-4417-A8DA-7F50288DF92E}.Debug|Any CPU.ActiveCfg = Debug|Any CPU
		{C36565F6-338A-4417-A8DA-7F50288DF92E}.Debug|Any CPU.Build.0 = Debug|Any CPU
		{C36565F6-338A-4417-A8DA-7F50288DF92E}.Release|Any CPU.ActiveCfg = Release|Any CPU
		{C36565F6-338A-4417-A8DA-7F50288DF92E}.Release|Any CPU.Build.0 = Release|Any CPU
	EndGlobalSection
	GlobalSection(SolutionProperties) = preSolution
		HideSolutionNode = FALSE
	EndGlobalSection
	GlobalSection(ExtensibilityGlobals) = postSolution
		SolutionGuid = {E9B13271-00BE-4E8F-B80F-FABFA017D998}
	EndGlobalSection
EndGlobal
